
Microsoft Visual Studio Solution File, Format Version 12.00
# Visual Studio Version 16
VisualStudioVersion = 16.0.31410.357
MinimumVisualStudioVersion = 10.0.40219.1
Project("{9A19103F-16F7-4668-BE54-9A1E7A4F7556}") = "WebAPI", "WebAPI.csproj", "{886DB919-B03D-46B3-9C97-2900653325EA}"
EndProject
Global
	GlobalSection(SolutionConfigurationPlatforms) = preSolution
		Debug|Any CPU = Debug|Any CPU
		Release|Any CPU = Release|Any CPU
	EndGlobalSection
	GlobalSection(ProjectConfigurationPlatforms) = postSolution
		{886DB919-B03D-46B3-9C97-2900653325EA}.Debug|Any CPU.ActiveCfg = Debug|Any CPU
		{886DB919-B03D-46B3-9C97-2900653325EA}.Debug|Any CPU.Build.0 = Debug|Any CPU
		{886DB919-B03D-46B3-9C97-2900653325EA}.Release|Any CPU.ActiveCfg = Release|Any CPU
		{886DB919-B03D-46B3-9C97-2900653325EA}.Release|Any CPU.Build.0 = Release|Any CPU
	EndGlobalSection
	GlobalSection(SolutionProperties) = preSolution
		HideSolutionNode = FALSE
	EndGlobalSection
	GlobalSection(ExtensibilityGlobals) = postSolution
		SolutionGuid = {E211BD9D-9D85-46EA-BC10-CAAE3193A8DF}
	EndGlobalSection
EndGlobal
